// !$*UTF8*$!
{
	archiveVersion = 1;
	classes = {
	};
	objectVersion = 48;
	objects = {

/* Begin PBXBuildFile section */
		3830E8971FEB757800B15D85 /* NetworkPool.swift in Sources */ = {isa = PBXBuildFile; fileRef = 3830E8961FEB757800B15D85 /* NetworkPool.swift */; };
		3830E8991FEB75A400B15D85 /* NetworkConnection.swift in Sources */ = {isa = PBXBuildFile; fileRef = 3830E8981FEB75A400B15D85 /* NetworkConnection.swift */; };
		3830E89B1FEB78C500B15D85 /* ProductDataStore.swift in Sources */ = {isa = PBXBuildFile; fileRef = 3830E89A1FEB78C500B15D85 /* ProductDataStore.swift */; };
		3830E89D1FEB79E800B15D85 /* Optionals+Extensions.swift in Sources */ = {isa = PBXBuildFile; fileRef = 3830E89C1FEB79E800B15D85 /* Optionals+Extensions.swift */; };
		3837B4971FE376F600FCFF92 /* Product+Subclasses.swift in Sources */ = {isa = PBXBuildFile; fileRef = 3837B4961FE376F600FCFF92 /* Product+Subclasses.swift */; };
		3844ED43203C7F02005A36FB /* StockTotalFacade.swift in Sources */ = {isa = PBXBuildFile; fileRef = 3844ED42203C7F02005A36FB /* StockTotalFacade.swift */; };
		38C979372036861600716BBF /* ProductDecorators.swift in Sources */ = {isa = PBXBuildFile; fileRef = 38C979362036861600716BBF /* ProductDecorators.swift */; };
		38CD404D1FE37CB8000897DE /* Utils.swift in Sources */ = {isa = PBXBuildFile; fileRef = 38CD404C1FE37CB8000897DE /* Utils.swift */; };
		38DB535C1FE180F500DB6DC5 /* AppDelegate.swift in Sources */ = {isa = PBXBuildFile; fileRef = 38DB535B1FE180F500DB6DC5 /* AppDelegate.swift */; };
		38DB535E1FE180F500DB6DC5 /* ViewController.swift in Sources */ = {isa = PBXBuildFile; fileRef = 38DB535D1FE180F500DB6DC5 /* ViewController.swift */; };
		38DB53611FE180F500DB6DC5 /* Main.storyboard in Resources */ = {isa = PBXBuildFile; fileRef = 38DB535F1FE180F500DB6DC5 /* Main.storyboard */; };
		38DB53631FE180F500DB6DC5 /* Assets.xcassets in Resources */ = {isa = PBXBuildFile; fileRef = 38DB53621FE180F500DB6DC5 /* Assets.xcassets */; };
		38DB53661FE180F500DB6DC5 /* LaunchScreen.storyboard in Resources */ = {isa = PBXBuildFile; fileRef = 38DB53641FE180F500DB6DC5 /* LaunchScreen.storyboard */; };
		38DB53711FE180F500DB6DC5 /* SportsStoreTests.swift in Sources */ = {isa = PBXBuildFile; fileRef = 38DB53701FE180F500DB6DC5 /* SportsStoreTests.swift */; };
		38DB537C1FE180F600DB6DC5 /* SportsStoreUITests.swift in Sources */ = {isa = PBXBuildFile; fileRef = 38DB537B1FE180F600DB6DC5 /* SportsStoreUITests.swift */; };
		38DB538A1FE18D2B00DB6DC5 /* ProductTableCell.swift in Sources */ = {isa = PBXBuildFile; fileRef = 38DB53891FE18D2B00DB6DC5 /* ProductTableCell.swift */; };
		38E6E53C1FE586D9003A3335 /* Logger.swift in Sources */ = {isa = PBXBuildFile; fileRef = 38E6E53B1FE586D9003A3335 /* Logger.swift */; };
		38FF61F1202BB28D001944C8 /* StockValueImplementations.swift in Sources */ = {isa = PBXBuildFile; fileRef = 38FF61F0202BB28D001944C8 /* StockValueImplementations.swift */; };
		38FF61F3202BB3C9001944C8 /* StockValueFactories.swift in Sources */ = {isa = PBXBuildFile; fileRef = 38FF61F2202BB3C9001944C8 /* StockValueFactories.swift */; };
		38FF620F202C09E4001944C8 /* ChangeRecord.swift in Sources */ = {isa = PBXBuildFile; fileRef = 38FF620E202C09E4001944C8 /* ChangeRecord.swift */; };
		38FF624820333005001944C8 /* Euro.swift in Sources */ = {isa = PBXBuildFile; fileRef = 38FF624720333005001944C8 /* Euro.swift */; };
		38FF626C203492A5001944C8 /* EventBridge.swift in Sources */ = {isa = PBXBuildFile; fileRef = 38FF626B203492A5001944C8 /* EventBridge.swift */; };
/* End PBXBuildFile section */

/* Begin PBXContainerItemProxy section */
		38DB536D1FE180F500DB6DC5 /* PBXContainerItemProxy */ = {
			isa = PBXContainerItemProxy;
			containerPortal = 38DB53501FE180F500DB6DC5 /* Project object */;
			proxyType = 1;
			remoteGlobalIDString = 38DB53571FE180F500DB6DC5;
			remoteInfo = SportsStore;
		};
		38DB53781FE180F600DB6DC5 /* PBXContainerItemProxy */ = {
			isa = PBXContainerItemProxy;
			containerPortal = 38DB53501FE180F500DB6DC5 /* Project object */;
			proxyType = 1;
			remoteGlobalIDString = 38DB53571FE180F500DB6DC5;
			remoteInfo = SportsStore;
		};
/* End PBXContainerItemProxy section */

/* Begin PBXFileReference section */
		3830E8961FEB757800B15D85 /* NetworkPool.swift */ = {isa = PBXFileReference; lastKnownFileType = sourcecode.swift; path = NetworkPool.swift; sourceTree = "<group>"; };
		3830E8981FEB75A400B15D85 /* NetworkConnection.swift */ = {isa = PBXFileReference; lastKnownFileType = sourcecode.swift; path = NetworkConnection.swift; sourceTree = "<group>"; };
		3830E89A1FEB78C500B15D85 /* ProductDataStore.swift */ = {isa = PBXFileReference; lastKnownFileType = sourcecode.swift; path = ProductDataStore.swift; sourceTree = "<group>"; };
		3830E89C1FEB79E800B15D85 /* Optionals+Extensions.swift */ = {isa = PBXFileReference; lastKnownFileType = sourcecode.swift; path = "Optionals+Extensions.swift"; sourceTree = "<group>"; };
		3837B4961FE376F600FCFF92 /* Product+Subclasses.swift */ = {isa = PBXFileReference; lastKnownFileType = sourcecode.swift; path = "Product+Subclasses.swift"; sourceTree = "<group>"; };
		3844ED42203C7F02005A36FB /* StockTotalFacade.swift */ = {isa = PBXFileReference; lastKnownFileType = sourcecode.swift; path = StockTotalFacade.swift; sourceTree = "<group>"; };
		38C979362036861600716BBF /* ProductDecorators.swift */ = {isa = PBXFileReference; lastKnownFileType = sourcecode.swift; path = ProductDecorators.swift; sourceTree = "<group>"; };
		38CD404C1FE37CB8000897DE /* Utils.swift */ = {isa = PBXFileReference; lastKnownFileType = sourcecode.swift; path = Utils.swift; sourceTree = "<group>"; };
		38DB53581FE180F500DB6DC5 /* SportsStore.app */ = {isa = PBXFileReference; explicitFileType = wrapper.application; includeInIndex = 0; path = SportsStore.app; sourceTree = BUILT_PRODUCTS_DIR; };
		38DB535B1FE180F500DB6DC5 /* AppDelegate.swift */ = {isa = PBXFileReference; lastKnownFileType = sourcecode.swift; path = AppDelegate.swift; sourceTree = "<group>"; };
		38DB535D1FE180F500DB6DC5 /* ViewController.swift */ = {isa = PBXFileReference; lastKnownFileType = sourcecode.swift; path = ViewController.swift; sourceTree = "<group>"; };
		38DB53601FE180F500DB6DC5 /* Base */ = {isa = PBXFileReference; lastKnownFileType = file.storyboard; name = Base; path = Base.lproj/Main.storyboard; sourceTree = "<group>"; };
		38DB53621FE180F500DB6DC5 /* Assets.xcassets */ = {isa = PBXFileReference; lastKnownFileType = folder.assetcatalog; path = Assets.xcassets; sourceTree = "<group>"; };
		38DB53651FE180F500DB6DC5 /* Base */ = {isa = PBXFileReference; lastKnownFileType = file.storyboard; name = Base; path = Base.lproj/LaunchScreen.storyboard; sourceTree = "<group>"; };
		38DB53671FE180F500DB6DC5 /* Info.plist */ = {isa = PBXFileReference; lastKnownFileType = text.plist.xml; path = Info.plist; sourceTree = "<group>"; };
		38DB536C1FE180F500DB6DC5 /* SportsStoreTests.xctest */ = {isa = PBXFileReference; explicitFileType = wrapper.cfbundle; includeInIndex = 0; path = SportsStoreTests.xctest; sourceTree = BUILT_PRODUCTS_DIR; };
		38DB53701FE180F500DB6DC5 /* SportsStoreTests.swift */ = {isa = PBXFileReference; lastKnownFileType = sourcecode.swift; path = SportsStoreTests.swift; sourceTree = "<group>"; };
		38DB53721FE180F500DB6DC5 /* Info.plist */ = {isa = PBXFileReference; lastKnownFileType = text.plist.xml; path = Info.plist; sourceTree = "<group>"; };
		38DB53771FE180F600DB6DC5 /* SportsStoreUITests.xctest */ = {isa = PBXFileReference; explicitFileType = wrapper.cfbundle; includeInIndex = 0; path = SportsStoreUITests.xctest; sourceTree = BUILT_PRODUCTS_DIR; };
		38DB537B1FE180F600DB6DC5 /* SportsStoreUITests.swift */ = {isa = PBXFileReference; lastKnownFileType = sourcecode.swift; path = SportsStoreUITests.swift; sourceTree = "<group>"; };
		38DB537D1FE180F600DB6DC5 /* Info.plist */ = {isa = PBXFileReference; lastKnownFileType = text.plist.xml; path = Info.plist; sourceTree = "<group>"; };
		38DB53891FE18D2B00DB6DC5 /* ProductTableCell.swift */ = {isa = PBXFileReference; lastKnownFileType = sourcecode.swift; path = ProductTableCell.swift; sourceTree = "<group>"; };
		38E6E53B1FE586D9003A3335 /* Logger.swift */ = {isa = PBXFileReference; lastKnownFileType = sourcecode.swift; path = Logger.swift; sourceTree = "<group>"; };
		38FF61F0202BB28D001944C8 /* StockValueImplementations.swift */ = {isa = PBXFileReference; lastKnownFileType = sourcecode.swift; path = StockValueImplementations.swift; sourceTree = "<group>"; };
		38FF61F2202BB3C9001944C8 /* StockValueFactories.swift */ = {isa = PBXFileReference; lastKnownFileType = sourcecode.swift; path = StockValueFactories.swift; sourceTree = "<group>"; };
		38FF620E202C09E4001944C8 /* ChangeRecord.swift */ = {isa = PBXFileReference; lastKnownFileType = sourcecode.swift; path = ChangeRecord.swift; sourceTree = "<group>"; };
		38FF624720333005001944C8 /* Euro.swift */ = {isa = PBXFileReference; lastKnownFileType = sourcecode.swift; path = Euro.swift; sourceTree = "<group>"; };
		38FF626B203492A5001944C8 /* EventBridge.swift */ = {isa = PBXFileReference; lastKnownFileType = sourcecode.swift; path = EventBridge.swift; sourceTree = "<group>"; };
/* End PBXFileReference section */

/* Begin PBXFrameworksBuildPhase section */
		38DB53551FE180F500DB6DC5 /* Frameworks */ = {
			isa = PBXFrameworksBuildPhase;
			buildActionMask = 2147483647;
			files = (
			);
			runOnlyForDeploymentPostprocessing = 0;
		};
		38DB53691FE180F500DB6DC5 /* Frameworks */ = {
			isa = PBXFrameworksBuildPhase;
			buildActionMask = 2147483647;
			files = (
			);
			runOnlyForDeploymentPostprocessing = 0;
		};
		38DB53741FE180F600DB6DC5 /* Frameworks */ = {
			isa = PBXFrameworksBuildPhase;
			buildActionMask = 2147483647;
			files = (
			);
			runOnlyForDeploymentPostprocessing = 0;
		};
/* End PBXFrameworksBuildPhase section */

/* Begin PBXGroup section */
		3830E8951FEB756000B15D85 /* Object Pool (Ch.7) */ = {
			isa = PBXGroup;
			children = (
				3830E8961FEB757800B15D85 /* NetworkPool.swift */,
				3830E8981FEB75A400B15D85 /* NetworkConnection.swift */,
				3830E89A1FEB78C500B15D85 /* ProductDataStore.swift */,
			);
			path = "Object Pool (Ch.7)";
			sourceTree = "<group>";
		};
		3830E89E1FECBBCD00B15D85 /* Singleton */ = {
			isa = PBXGroup;
			children = (
				38E6E53B1FE586D9003A3335 /* Logger.swift */,
			);
			path = Singleton;
			sourceTree = "<group>";
		};
		3830E89F1FECBBED00B15D85 /* Object Pool Variations (Ch. 8) */ = {
			isa = PBXGroup;
			children = (
			);
			path = "Object Pool Variations (Ch. 8)";
			sourceTree = "<group>";
		};
		3844ED41203C7EE0005A36FB /* Facade (Ch. 16) */ = {
			isa = PBXGroup;
			children = (
				3844ED42203C7F02005A36FB /* StockTotalFacade.swift */,
			);
			path = "Facade (Ch. 16)";
			sourceTree = "<group>";
		};
		38C979352036860200716BBF /* Decorator (Ch. 14) */ = {
			isa = PBXGroup;
			children = (
				38C979362036861600716BBF /* ProductDecorators.swift */,
			);
			path = "Decorator (Ch. 14)";
			sourceTree = "<group>";
		};
		38DB534F1FE180F500DB6DC5 = {
			isa = PBXGroup;
			children = (
				38DB535A1FE180F500DB6DC5 /* SportsStore */,
				38DB536F1FE180F500DB6DC5 /* SportsStoreTests */,
				38DB537A1FE180F600DB6DC5 /* SportsStoreUITests */,
				38DB53591FE180F500DB6DC5 /* Products */,
			);
			sourceTree = "<group>";
		};
		38DB53591FE180F500DB6DC5 /* Products */ = {
			isa = PBXGroup;
			children = (
				38DB53581FE180F500DB6DC5 /* SportsStore.app */,
				38DB536C1FE180F500DB6DC5 /* SportsStoreTests.xctest */,
				38DB53771FE180F600DB6DC5 /* SportsStoreUITests.xctest */,
			);
			name = Products;
			sourceTree = "<group>";
		};
		38DB535A1FE180F500DB6DC5 /* SportsStore */ = {
			isa = PBXGroup;
			children = (
				38DB53641FE180F500DB6DC5 /* LaunchScreen.storyboard */,
				38DB535B1FE180F500DB6DC5 /* AppDelegate.swift */,
				38DB535D1FE180F500DB6DC5 /* ViewController.swift */,
				38DB53891FE18D2B00DB6DC5 /* ProductTableCell.swift */,
				3837B4961FE376F600FCFF92 /* Product+Subclasses.swift */,
				3844ED41203C7EE0005A36FB /* Facade (Ch. 16) */,
				38C979352036860200716BBF /* Decorator (Ch. 14) */,
				38FF626A20349287001944C8 /* Bridge (Ch. 13) */,
				38FF624620332FEC001944C8 /* Adapter (Ch. 12) */,
				38FF620D202C09C1001944C8 /* ChangeRecord (Builder Pattern, ch. 11) */,
				38FF61EF202BB24E001944C8 /* Abstract Factory (ch. 10) */,
				3830E89F1FECBBED00B15D85 /* Object Pool Variations (Ch. 8) */,
				3830E8951FEB756000B15D85 /* Object Pool (Ch.7) */,
				3830E89E1FECBBCD00B15D85 /* Singleton */,
				38FF626820349230001944C8 /* Utilities & Misc */,
				38FF62692034925F001944C8 /* iBoilerPlate */,
			);
			path = SportsStore;
			sourceTree = "<group>";
		};
		38DB536F1FE180F500DB6DC5 /* SportsStoreTests */ = {
			isa = PBXGroup;
			children = (
				38DB53701FE180F500DB6DC5 /* SportsStoreTests.swift */,
				38DB53721FE180F500DB6DC5 /* Info.plist */,
			);
			path = SportsStoreTests;
			sourceTree = "<group>";
		};
		38DB537A1FE180F600DB6DC5 /* SportsStoreUITests */ = {
			isa = PBXGroup;
			children = (
				38DB537B1FE180F600DB6DC5 /* SportsStoreUITests.swift */,
				38DB537D1FE180F600DB6DC5 /* Info.plist */,
			);
			path = SportsStoreUITests;
			sourceTree = "<group>";
		};
		38FF61EF202BB24E001944C8 /* Abstract Factory (ch. 10) */ = {
			isa = PBXGroup;
			children = (
				38FF61F0202BB28D001944C8 /* StockValueImplementations.swift */,
				38FF61F2202BB3C9001944C8 /* StockValueFactories.swift */,
			);
			path = "Abstract Factory (ch. 10)";
			sourceTree = "<group>";
		};
		38FF620D202C09C1001944C8 /* ChangeRecord (Builder Pattern, ch. 11) */ = {
			isa = PBXGroup;
			children = (
				38FF620E202C09E4001944C8 /* ChangeRecord.swift */,
			);
			path = "ChangeRecord (Builder Pattern, ch. 11)";
			sourceTree = "<group>";
		};
		38FF624620332FEC001944C8 /* Adapter (Ch. 12) */ = {
			isa = PBXGroup;
			children = (
				38FF624720333005001944C8 /* Euro.swift */,
			);
			path = "Adapter (Ch. 12)";
			sourceTree = "<group>";
		};
		38FF626820349230001944C8 /* Utilities & Misc */ = {
			isa = PBXGroup;
			children = (
				38CD404C1FE37CB8000897DE /* Utils.swift */,
				3830E89C1FEB79E800B15D85 /* Optionals+Extensions.swift */,
			);
			path = "Utilities & Misc";
			sourceTree = "<group>";
		};
		38FF62692034925F001944C8 /* iBoilerPlate */ = {
			isa = PBXGroup;
			children = (
				38DB535F1FE180F500DB6DC5 /* Main.storyboard */,
				38DB53621FE180F500DB6DC5 /* Assets.xcassets */,
				38DB53671FE180F500DB6DC5 /* Info.plist */,
			);
			path = iBoilerPlate;
			sourceTree = "<group>";
		};
		38FF626A20349287001944C8 /* Bridge (Ch. 13) */ = {
			isa = PBXGroup;
			children = (
				38FF626B203492A5001944C8 /* EventBridge.swift */,
			);
			path = "Bridge (Ch. 13)";
			sourceTree = "<group>";
		};
/* End PBXGroup section */

/* Begin PBXNativeTarget section */
		38DB53571FE180F500DB6DC5 /* SportsStore */ = {
			isa = PBXNativeTarget;
			buildConfigurationList = 38DB53801FE180F600DB6DC5 /* Build configuration list for PBXNativeTarget "SportsStore" */;
			buildPhases = (
				38DB53541FE180F500DB6DC5 /* Sources */,
				38DB53551FE180F500DB6DC5 /* Frameworks */,
				38DB53561FE180F500DB6DC5 /* Resources */,
			);
			buildRules = (
			);
			dependencies = (
			);
			name = SportsStore;
			productName = SportsStore;
			productReference = 38DB53581FE180F500DB6DC5 /* SportsStore.app */;
			productType = "com.apple.product-type.application";
		};
		38DB536B1FE180F500DB6DC5 /* SportsStoreTests */ = {
			isa = PBXNativeTarget;
			buildConfigurationList = 38DB53831FE180F600DB6DC5 /* Build configuration list for PBXNativeTarget "SportsStoreTests" */;
			buildPhases = (
				38DB53681FE180F500DB6DC5 /* Sources */,
				38DB53691FE180F500DB6DC5 /* Frameworks */,
				38DB536A1FE180F500DB6DC5 /* Resources */,
			);
			buildRules = (
			);
			dependencies = (
				38DB536E1FE180F500DB6DC5 /* PBXTargetDependency */,
			);
			name = SportsStoreTests;
			productName = SportsStoreTests;
			productReference = 38DB536C1FE180F500DB6DC5 /* SportsStoreTests.xctest */;
			productType = "com.apple.product-type.bundle.unit-test";
		};
		38DB53761FE180F600DB6DC5 /* SportsStoreUITests */ = {
			isa = PBXNativeTarget;
			buildConfigurationList = 38DB53861FE180F600DB6DC5 /* Build configuration list for PBXNativeTarget "SportsStoreUITests" */;
			buildPhases = (
				38DB53731FE180F600DB6DC5 /* Sources */,
				38DB53741FE180F600DB6DC5 /* Frameworks */,
				38DB53751FE180F600DB6DC5 /* Resources */,
			);
			buildRules = (
			);
			dependencies = (
				38DB53791FE180F600DB6DC5 /* PBXTargetDependency */,
			);
			name = SportsStoreUITests;
			productName = SportsStoreUITests;
			productReference = 38DB53771FE180F600DB6DC5 /* SportsStoreUITests.xctest */;
			productType = "com.apple.product-type.bundle.ui-testing";
		};
/* End PBXNativeTarget section */

/* Begin PBXProject section */
		38DB53501FE180F500DB6DC5 /* Project object */ = {
			isa = PBXProject;
			attributes = {
				LastSwiftUpdateCheck = 0920;
				LastUpgradeCheck = 0920;
				ORGANIZATIONNAME = "Amitai Blickstein";
				TargetAttributes = {
					38DB53571FE180F500DB6DC5 = {
						CreatedOnToolsVersion = 9.2;
						ProvisioningStyle = Automatic;
					};
					38DB536B1FE180F500DB6DC5 = {
						CreatedOnToolsVersion = 9.2;
						ProvisioningStyle = Automatic;
						TestTargetID = 38DB53571FE180F500DB6DC5;
					};
					38DB53761FE180F600DB6DC5 = {
						CreatedOnToolsVersion = 9.2;
						ProvisioningStyle = Automatic;
						TestTargetID = 38DB53571FE180F500DB6DC5;
					};
				};
			};
			buildConfigurationList = 38DB53531FE180F500DB6DC5 /* Build configuration list for PBXProject "SportsStore" */;
			compatibilityVersion = "Xcode 8.0";
			developmentRegion = en;
			hasScannedForEncodings = 0;
			knownRegions = (
				en,
				Base,
			);
			mainGroup = 38DB534F1FE180F500DB6DC5;
			productRefGroup = 38DB53591FE180F500DB6DC5 /* Products */;
			projectDirPath = "";
			projectRoot = "";
			targets = (
				38DB53571FE180F500DB6DC5 /* SportsStore */,
				38DB536B1FE180F500DB6DC5 /* SportsStoreTests */,
				38DB53761FE180F600DB6DC5 /* SportsStoreUITests */,
			);
		};
/* End PBXProject section */

/* Begin PBXResourcesBuildPhase section */
		38DB53561FE180F500DB6DC5 /* Resources */ = {
			isa = PBXResourcesBuildPhase;
			buildActionMask = 2147483647;
			files = (
				38DB53661FE180F500DB6DC5 /* LaunchScreen.storyboard in Resources */,
				38DB53631FE180F500DB6DC5 /* Assets.xcassets in Resources */,
				38DB53611FE180F500DB6DC5 /* Main.storyboard in Resources */,
			);
			runOnlyForDeploymentPostprocessing = 0;
		};
		38DB536A1FE180F500DB6DC5 /* Resources */ = {
			isa = PBXResourcesBuildPhase;
			buildActionMask = 2147483647;
			files = (
			);
			runOnlyForDeploymentPostprocessing = 0;
		};
		38DB53751FE180F600DB6DC5 /* Resources */ = {
			isa = PBXResourcesBuildPhase;
			buildActionMask = 2147483647;
			files = (
			);
			runOnlyForDeploymentPostprocessing = 0;
		};
/* End PBXResourcesBuildPhase section */

/* Begin PBXSourcesBuildPhase section */
		38DB53541FE180F500DB6DC5 /* Sources */ = {
			isa = PBXSourcesBuildPhase;
			buildActionMask = 2147483647;
			files = (
				38CD404D1FE37CB8000897DE /* Utils.swift in Sources */,
				3830E89D1FEB79E800B15D85 /* Optionals+Extensions.swift in Sources */,
				3830E89B1FEB78C500B15D85 /* ProductDataStore.swift in Sources */,
				38E6E53C1FE586D9003A3335 /* Logger.swift in Sources */,
				38FF624820333005001944C8 /* Euro.swift in Sources */,
				3844ED43203C7F02005A36FB /* StockTotalFacade.swift in Sources */,
				38DB538A1FE18D2B00DB6DC5 /* ProductTableCell.swift in Sources */,
				3837B4971FE376F600FCFF92 /* Product+Subclasses.swift in Sources */,
				3830E8991FEB75A400B15D85 /* NetworkConnection.swift in Sources */,
				38DB535E1FE180F500DB6DC5 /* ViewController.swift in Sources */,
				38C979372036861600716BBF /* ProductDecorators.swift in Sources */,
				38DB535C1FE180F500DB6DC5 /* AppDelegate.swift in Sources */,
				38FF61F3202BB3C9001944C8 /* StockValueFactories.swift in Sources */,
				38FF626C203492A5001944C8 /* EventBridge.swift in Sources */,
				38FF620F202C09E4001944C8 /* ChangeRecord.swift in Sources */,
				38FF61F1202BB28D001944C8 /* StockValueImplementations.swift in Sources */,
				3830E8971FEB757800B15D85 /* NetworkPool.swift in Sources */,
			);
			runOnlyForDeploymentPostprocessing = 0;
		};
		38DB53681FE180F500DB6DC5 /* Sources */ = {
			isa = PBXSourcesBuildPhase;
			buildActionMask = 2147483647;
			files = (
				38DB53711FE180F500DB6DC5 /* SportsStoreTests.swift in Sources */,
			);
			runOnlyForDeploymentPostprocessing = 0;
		};
		38DB53731FE180F600DB6DC5 /* Sources */ = {
			isa = PBXSourcesBuildPhase;
			buildActionMask = 2147483647;
			files = (
				38DB537C1FE180F600DB6DC5 /* SportsStoreUITests.swift in Sources */,
			);
			runOnlyForDeploymentPostprocessing = 0;
		};
/* End PBXSourcesBuildPhase section */

/* Begin PBXTargetDependency section */
		38DB536E1FE180F500DB6DC5 /* PBXTargetDependency */ = {
			isa = PBXTargetDependency;
			target = 38DB53571FE180F500DB6DC5 /* SportsStore */;
			targetProxy = 38DB536D1FE180F500DB6DC5 /* PBXContainerItemProxy */;
		};
		38DB53791FE180F600DB6DC5 /* PBXTargetDependency */ = {
			isa = PBXTargetDependency;
			target = 38DB53571FE180F500DB6DC5 /* SportsStore */;
			targetProxy = 38DB53781FE180F600DB6DC5 /* PBXContainerItemProxy */;
		};
/* End PBXTargetDependency section */

/* Begin PBXVariantGroup section */
		38DB535F1FE180F500DB6DC5 /* Main.storyboard */ = {
			isa = PBXVariantGroup;
			children = (
				38DB53601FE180F500DB6DC5 /* Base */,
			);
			name = Main.storyboard;
			sourceTree = "<group>";
		};
		38DB53641FE180F500DB6DC5 /* LaunchScreen.storyboard */ = {
			isa = PBXVariantGroup;
			children = (
				38DB53651FE180F500DB6DC5 /* Base */,
			);
			name = LaunchScreen.storyboard;
			sourceTree = "<group>";
		};
/* End PBXVariantGroup section */

/* Begin XCBuildConfiguration section */
		38DB537E1FE180F600DB6DC5 /* Debug */ = {
			isa = XCBuildConfiguration;
			buildSettings = {
				ALWAYS_SEARCH_USER_PATHS = NO;
				CLANG_ANALYZER_NONNULL = YES;
				CLANG_ANALYZER_NUMBER_OBJECT_CONVERSION = YES_AGGRESSIVE;
				CLANG_CXX_LANGUAGE_STANDARD = "gnu++14";
				CLANG_CXX_LIBRARY = "libc++";
				CLANG_ENABLE_MODULES = YES;
				CLANG_ENABLE_OBJC_ARC = YES;
				CLANG_WARN_BLOCK_CAPTURE_AUTORELEASING = YES;
				CLANG_WARN_BOOL_CONVERSION = YES;
				CLANG_WARN_COMMA = YES;
				CLANG_WARN_CONSTANT_CONVERSION = YES;
				CLANG_WARN_DIRECT_OBJC_ISA_USAGE = YES_ERROR;
				CLANG_WARN_DOCUMENTATION_COMMENTS = YES;
				CLANG_WARN_EMPTY_BODY = YES;
				CLANG_WARN_ENUM_CONVERSION = YES;
				CLANG_WARN_INFINITE_RECURSION = YES;
				CLANG_WARN_INT_CONVERSION = YES;
				CLANG_WARN_NON_LITERAL_NULL_CONVERSION = YES;
				CLANG_WARN_OBJC_LITERAL_CONVERSION = YES;
				CLANG_WARN_OBJC_ROOT_CLASS = YES_ERROR;
				CLANG_WARN_RANGE_LOOP_ANALYSIS = YES;
				CLANG_WARN_STRICT_PROTOTYPES = YES;
				CLANG_WARN_SUSPICIOUS_MOVE = YES;
				CLANG_WARN_UNGUARDED_AVAILABILITY = YES_AGGRESSIVE;
				CLANG_WARN_UNREACHABLE_CODE = YES;
				CLANG_WARN__DUPLICATE_METHOD_MATCH = YES;
				CODE_SIGN_IDENTITY = "iPhone Developer";
				COPY_PHASE_STRIP = NO;
				DEBUG_INFORMATION_FORMAT = dwarf;
				ENABLE_STRICT_OBJC_MSGSEND = YES;
				ENABLE_TESTABILITY = YES;
				GCC_C_LANGUAGE_STANDARD = gnu11;
				GCC_DYNAMIC_NO_PIC = NO;
				GCC_NO_COMMON_BLOCKS = YES;
				GCC_OPTIMIZATION_LEVEL = 0;
				GCC_PREPROCESSOR_DEFINITIONS = (
					"DEBUG=1",
					"$(inherited)",
				);
				GCC_WARN_64_TO_32_BIT_CONVERSION = YES;
				GCC_WARN_ABOUT_RETURN_TYPE = YES_ERROR;
				GCC_WARN_UNDECLARED_SELECTOR = YES;
				GCC_WARN_UNINITIALIZED_AUTOS = YES_AGGRESSIVE;
				GCC_WARN_UNUSED_FUNCTION = YES;
				GCC_WARN_UNUSED_VARIABLE = YES;
				IPHONEOS_DEPLOYMENT_TARGET = 11.2;
				MTL_ENABLE_DEBUG_INFO = YES;
				ONLY_ACTIVE_ARCH = YES;
				SDKROOT = iphoneos;
				SWIFT_ACTIVE_COMPILATION_CONDITIONS = DEBUG;
				SWIFT_OPTIMIZATION_LEVEL = "-Onone";
			};
			name = Debug;
		};
		38DB537F1FE180F600DB6DC5 /* Release */ = {
			isa = XCBuildConfiguration;
			buildSettings = {
				ALWAYS_SEARCH_USER_PATHS = NO;
				CLANG_ANALYZER_NONNULL = YES;
				CLANG_ANALYZER_NUMBER_OBJECT_CONVERSION = YES_AGGRESSIVE;
				CLANG_CXX_LANGUAGE_STANDARD = "gnu++14";
				CLANG_CXX_LIBRARY = "libc++";
				CLANG_ENABLE_MODULES = YES;
				CLANG_ENABLE_OBJC_ARC = YES;
				CLANG_WARN_BLOCK_CAPTURE_AUTORELEASING = YES;
				CLANG_WARN_BOOL_CONVERSION = YES;
				CLANG_WARN_COMMA = YES;
				CLANG_WARN_CONSTANT_CONVERSION = YES;
				CLANG_WARN_DIRECT_OBJC_ISA_USAGE = YES_ERROR;
				CLANG_WARN_DOCUMENTATION_COMMENTS = YES;
				CLANG_WARN_EMPTY_BODY = YES;
				CLANG_WARN_ENUM_CONVERSION = YES;
				CLANG_WARN_INFINITE_RECURSION = YES;
				CLANG_WARN_INT_CONVERSION = YES;
				CLANG_WARN_NON_LITERAL_NULL_CONVERSION = YES;
				CLANG_WARN_OBJC_LITERAL_CONVERSION = YES;
				CLANG_WARN_OBJC_ROOT_CLASS = YES_ERROR;
				CLANG_WARN_RANGE_LOOP_ANALYSIS = YES;
				CLANG_WARN_STRICT_PROTOTYPES = YES;
				CLANG_WARN_SUSPICIOUS_MOVE = YES;
				CLANG_WARN_UNGUARDED_AVAILABILITY = YES_AGGRESSIVE;
				CLANG_WARN_UNREACHABLE_CODE = YES;
				CLANG_WARN__DUPLICATE_METHOD_MATCH = YES;
				CODE_SIGN_IDENTITY = "iPhone Developer";
				COPY_PHASE_STRIP = NO;
				DEBUG_INFORMATION_FORMAT = "dwarf-with-dsym";
				ENABLE_NS_ASSERTIONS = NO;
				ENABLE_STRICT_OBJC_MSGSEND = YES;
				GCC_C_LANGUAGE_STANDARD = gnu11;
				GCC_NO_COMMON_BLOCKS = YES;
				GCC_WARN_64_TO_32_BIT_CONVERSION = YES;
				GCC_WARN_ABOUT_RETURN_TYPE = YES_ERROR;
				GCC_WARN_UNDECLARED_SELECTOR = YES;
				GCC_WARN_UNINITIALIZED_AUTOS = YES_AGGRESSIVE;
				GCC_WARN_UNUSED_FUNCTION = YES;
				GCC_WARN_UNUSED_VARIABLE = YES;
				IPHONEOS_DEPLOYMENT_TARGET = 11.2;
				MTL_ENABLE_DEBUG_INFO = NO;
				SDKROOT = iphoneos;
				SWIFT_OPTIMIZATION_LEVEL = "-Owholemodule";
				VALIDATE_PRODUCT = YES;
			};
			name = Release;
		};
		38DB53811FE180F600DB6DC5 /* Debug */ = {
			isa = XCBuildConfiguration;
			buildSettings = {
				ASSETCATALOG_COMPILER_APPICON_NAME = AppIcon;
				CODE_SIGN_STYLE = Automatic;
				DEVELOPMENT_TEAM = 8VC65F749H;
				INFOPLIST_FILE = "$(SRCROOT)/SportsStore/iBoilerPlate/Info.plist";
				LD_RUNPATH_SEARCH_PATHS = "$(inherited) @executable_path/Frameworks";
				PRODUCT_BUNDLE_IDENTIFIER = com.apress.spongeBrain.SportsStore;
				PRODUCT_NAME = "$(TARGET_NAME)";
				SWIFT_VERSION = 4.0;
				TARGETED_DEVICE_FAMILY = "1,2";
			};
			name = Debug;
		};
		38DB53821FE180F600DB6DC5 /* Release */ = {
			isa = XCBuildConfiguration;
			buildSettings = {
				ASSETCATALOG_COMPILER_APPICON_NAME = AppIcon;
				CODE_SIGN_STYLE = Automatic;
				DEVELOPMENT_TEAM = 8VC65F749H;
				INFOPLIST_FILE = "$(SRCROOT)/SportsStore/iBoilerPlate/Info.plist";
				LD_RUNPATH_SEARCH_PATHS = "$(inherited) @executable_path/Frameworks";
				PRODUCT_BUNDLE_IDENTIFIER = com.apress.spongeBrain.SportsStore;
				PRODUCT_NAME = "$(TARGET_NAME)";
				SWIFT_VERSION = 4.0;
				TARGETED_DEVICE_FAMILY = "1,2";
			};
			name = Release;
		};
		38DB53841FE180F600DB6DC5 /* Debug */ = {
			isa = XCBuildConfiguration;
			buildSettings = {
				ALWAYS_EMBED_SWIFT_STANDARD_LIBRARIES = YES;
				BUNDLE_LOADER = "$(TEST_HOST)";
				CODE_SIGN_STYLE = Automatic;
				DEVELOPMENT_TEAM = 8VC65F749H;
				INFOPLIST_FILE = SportsStoreTests/Info.plist;
				LD_RUNPATH_SEARCH_PATHS = "$(inherited) @executable_path/Frameworks @loader_path/Frameworks";
				PRODUCT_BUNDLE_IDENTIFIER = com.apress.spongeBrain.SportsStoreTests;
				PRODUCT_NAME = "$(TARGET_NAME)";
				SWIFT_VERSION = 4.0;
				TARGETED_DEVICE_FAMILY = "1,2";
				TEST_HOST = "$(BUILT_PRODUCTS_DIR)/SportsStore.app/SportsStore";
			};
			name = Debug;
		};
		38DB53851FE180F600DB6DC5 /* Release */ = {
			isa = XCBuildConfiguration;
			buildSettings = {
				ALWAYS_EMBED_SWIFT_STANDARD_LIBRARIES = YES;
				BUNDLE_LOADER = "$(TEST_HOST)";
				CODE_SIGN_STYLE = Automatic;
				DEVELOPMENT_TEAM = 8VC65F749H;
				INFOPLIST_FILE = SportsStoreTests/Info.plist;
				LD_RUNPATH_SEARCH_PATHS = "$(inherited) @executable_path/Frameworks @loader_path/Frameworks";
				PRODUCT_BUNDLE_IDENTIFIER = com.apress.spongeBrain.SportsStoreTests;
				PRODUCT_NAME = "$(TARGET_NAME)";
				SWIFT_VERSION = 4.0;
				TARGETED_DEVICE_FAMILY = "1,2";
				TEST_HOST = "$(BUILT_PRODUCTS_DIR)/SportsStore.app/SportsStore";
			};
			name = Release;
		};
		38DB53871FE180F600DB6DC5 /* Debug */ = {
			isa = XCBuildConfiguration;
			buildSettings = {
				ALWAYS_EMBED_SWIFT_STANDARD_LIBRARIES = YES;
				CODE_SIGN_STYLE = Automatic;
				DEVELOPMENT_TEAM = 8VC65F749H;
				INFOPLIST_FILE = SportsStoreUITests/Info.plist;
				LD_RUNPATH_SEARCH_PATHS = "$(inherited) @executable_path/Frameworks @loader_path/Frameworks";
				PRODUCT_BUNDLE_IDENTIFIER = com.apress.spongeBrain.SportsStoreUITests;
				PRODUCT_NAME = "$(TARGET_NAME)";
				SWIFT_VERSION = 4.0;
				TARGETED_DEVICE_FAMILY = "1,2";
				TEST_TARGET_NAME = SportsStore;
			};
			name = Debug;
		};
		38DB53881FE180F600DB6DC5 /* Release */ = {
			isa = XCBuildConfiguration;
			buildSettings = {
				ALWAYS_EMBED_SWIFT_STANDARD_LIBRARIES = YES;
				CODE_SIGN_STYLE = Automatic;
				DEVELOPMENT_TEAM = 8VC65F749H;
				INFOPLIST_FILE = SportsStoreUITests/Info.plist;
				LD_RUNPATH_SEARCH_PATHS = "$(inherited) @executable_path/Frameworks @loader_path/Frameworks";
				PRODUCT_BUNDLE_IDENTIFIER = com.apress.spongeBrain.SportsStoreUITests;
				PRODUCT_NAME = "$(TARGET_NAME)";
				SWIFT_VERSION = 4.0;
				TARGETED_DEVICE_FAMILY = "1,2";
				TEST_TARGET_NAME = SportsStore;
			};
			name = Release;
		};
/* End XCBuildConfiguration section */

/* Begin XCConfigurationList section */
		38DB53531FE180F500DB6DC5 /* Build configuration list for PBXProject "SportsStore" */ = {
			isa = XCConfigurationList;
			buildConfigurations = (
				38DB537E1FE180F600DB6DC5 /* Debug */,
				38DB537F1FE180F600DB6DC5 /* Release */,
			);
			defaultConfigurationIsVisible = 0;
			defaultConfigurationName = Release;
		};
		38DB53801FE180F600DB6DC5 /* Build configuration list for PBXNativeTarget "SportsStore" */ = {
			isa = XCConfigurationList;
			buildConfigurations = (
				38DB53811FE180F600DB6DC5 /* Debug */,
				38DB53821FE180F600DB6DC5 /* Release */,
			);
			defaultConfigurationIsVisible = 0;
			defaultConfigurationName = Release;
		};
		38DB53831FE180F600DB6DC5 /* Build configuration list for PBXNativeTarget "SportsStoreTests" */ = {
			isa = XCConfigurationList;
			buildConfigurations = (
				38DB53841FE180F600DB6DC5 /* Debug */,
				38DB53851FE180F600DB6DC5 /* Release */,
			);
			defaultConfigurationIsVisible = 0;
			defaultConfigurationName = Release;
		};
		38DB53861FE180F600DB6DC5 /* Build configuration list for PBXNativeTarget "SportsStoreUITests" */ = {
			isa = XCConfigurationList;
			buildConfigurations = (
				38DB53871FE180F600DB6DC5 /* Debug */,
				38DB53881FE180F600DB6DC5 /* Release */,
			);
			defaultConfigurationIsVisible = 0;
			defaultConfigurationName = Release;
		};
/* End XCConfigurationList section */
	};
	rootObject = 38DB53501FE180F500DB6DC5 /* Project object */;
}
